
Microsoft Visual Studio Solution File, Format Version 12.00
# Visual Studio Version 17
VisualStudioVersion = 17.7.34031.279
MinimumVisualStudioVersion = 10.0.40219.1
Project("{FAE04EC0-301F-11D3-BF4B-00C04F79EFBC}") = "CostumeStore", "CostumeStore\CostumeStore.csproj", "{C373D126-FDA9-4442-9AEE-531FE6529EA5}"
EndProject
Global
	GlobalSection(SolutionConfigurationPlatforms) = preSolution
		Debug|Any CPU = Debug|Any CPU
		Release|Any CPU = Release|Any CPU
	EndGlobalSection
	GlobalSection(ProjectConfigurationPlatforms) = postSolution
		{C373D126-FDA9-4442-9AEE-531FE6529EA5}.Debug|Any CPU.ActiveCfg = Debug|Any CPU
		{C373D126-FDA9-4442-9AEE-531FE6529EA5}.Debug|Any CPU.Build.0 = Debug|Any CPU
		{C373D126-FDA9-4442-9AEE-531FE6529EA5}.Release|Any CPU.ActiveCfg = Release|Any CPU
		{C373D126-FDA9-4442-9AEE-531FE6529EA5}.Release|Any CPU.Build.0 = Release|Any CPU
	EndGlobalSection
	GlobalSection(SolutionProperties) = preSolution
		HideSolutionNode = FALSE
	EndGlobalSection
	GlobalSection(ExtensibilityGlobals) = postSolution
		SolutionGuid = {065BB7E5-E69B-4729-BDA5-028721B0905D}
	EndGlobalSection
EndGlobal
